github.com/BurntSushi/freetype-go v0.0.0-20160129220410-b763ddbfe298/go.mod h1:D+QujdIlUNfa0igpNMk6UIvlb6C252URs4yupRUV4lQ=
github.com/BurntSushi/graphics-go v0.0.0-20160129215708-b43f31a4a966/go.mod h1:Mid70uvE93zn9wgF92A/r5ixgnvX8Lh68fxp9KQBaI0=
github.com/BurntSushi/xgb v0.0.0-20160522181843-27f122750802/go.mod h1:IVnqGOEym/WlBOVXweHU+Q+/VP0lqqI8lqeDx9IjBqo=
github.com/BurntSushi/xgbutil v0.0.0-20160919175755-f7c97cef3b4e/go.mod h1:uw9h2sd4WWHOPdJ13MQpwK5qYWKYDumDqxWWIknEQ+k=
github.com/TheTitanrain/w32 v0.0.0-20180517000239-4f5cfb03fabf h1:FPsprx82rdrX2jiKyS17BH6IrTmUBYqZa/CXT4uvb+I=
github.com/TheTitanrain/w32 v0.0.0-20180517000239-4f5cfb03fabf/go.mod h1:peYoMncQljjNS6tZwI9WVyQB3qZS6u79/N3mBOcnd3I=
github.com/davecgh/go-spew v1.1.0/go.mod h1:J7Y8YcW2NihsgmVo/mv3lAwl/skON4iLHjSsI+c5H38=
github.com/getlantern/context v0.0.0-20190109183933-c447772a6520 h1:NRUJuo3v3WGC/g5YiyF790gut6oQr5f3FBI88Wv0dx4=
github.com/getlantern/context v0.0.0-20190109183933-c447772a6520/go.mod h1:L+mq6/vvYHKjCX2oez0CgEAJmbq1fbb/oNJIWQkBybY=
github.com/getlantern/errors v0.0.0-20190325191628-abdb3e3e36f7 h1:6uJ+sZ/e03gkbqZ0kUG6mfKoqDb4XMAzMIwlajq19So=
github.com/getlantern/errors v0.0.0-20190325191628-abdb3e3e36f7/go.mod h1:l+xpFBrCtDLpK9qNjxs+cHU6+BAdlBaxHqikB6Lku3A=
github.com/getlantern/golog v0.0.0-20190830074920-4ef2e798c2d7 h1:guBYzEaLz0Vfc/jv0czrr2z7qyzTOGC9hiQ0VC+hKjk=
github.com/getlantern/golog v0.0.0-20190830074920-4ef2e798c2d7/go.mod h1:zx/1xUUeYPy3Pcmet8OSXLbF47l+3y6hIPpyLWoR9oc=
github.com/getlantern/hex v0.0.0-20190417191902-c6586a6fe0b7 h1:micT5vkcr9tOVk1FiH8SWKID8ultN44Z+yzd2y/Vyb0=
github.com/getlantern/hex v0.0.0-20190417191902-c6586a6fe0b7/go.mod h1:dD3CgOrwlzca8ed61CsZouQS5h5jIzkK9ZWrTcf0s+o=
github.com/getlantern/hidden v0.0.0-20190325191715-f02dbb02be55 h1:XYzSdCbkzOC0FDNrgJqGRo8PCMFOBFL9py72DRs7bmc=
github.com/getlantern/hidden v0.0.0-20190325191715-f02dbb02be55/go.mod h1:6mmzY2kW1TOOrVy+r41Za2MxXM+hhqTtY3oBKd2AgFA=
github.com/getlantern/ops v0.0.0-20190325191751-d70cb0d6f85f h1:wrYrQttPS8FHIRSlsrcuKazukx/xqO/PpLZzZXsF+EA=
github.com/getlantern/ops v0.0.0-20190325191751-d70cb0d6f85f/go.mod h1:D5ao98qkA6pxftxoqzibIBBrLSUli+kYnJqrgBf9cIA=
github.com/go-stack/stack v1.8.0 h1:5SgMzNM5HxrEjV0ww2lTmX6E2Izsfxas4+YHWRs3Lsk=
github.com/go-stack/stack v1.8.0/go.mod h1:v0f6uXyyMGvRgIKkXu+yp6POWl0qKG85gN/melR3HDY=
github.com/gotk3/gotk3 v0.0.0-20191027191019-60cba67d4ea4 h1:XKmosDfDUElDjCNdtc5SpEArZXi3hOStu0HEOO9fm4Q=
github.com/gotk3/gotk3 v0.0.0-20191027191019-60cba67d4ea4/go.mod h1:Eew3QBwAOBTrfFFDmsDE5wZWbcagBL1NUslj1GhRveo=
github.com/mattn/go-gtk v0.0.0-20180216084204-5a311a1830ab/go.mod h1:PwzwfeB5syFHXORC3MtPylVcjIoTDT/9cvkKpEndGVI=
github.com/mattn/go-pointer v0.0.0-20171114154726-1d30dc4b6f28/go.mod h1:2zXcozF6qYGgmsG+SeTZz3oAbFLdD3OWqnUbNvJZAlc=
github.com/oxtoacart/bpool v0.0.0-20190530202638-03653db5a59c h1:rp5dCmg/yLR3mgFuSOe4oEnDDmGLROTvMragMUXpTQw=
github.com/oxtoacart/bpool v0.0.0-20190530202638-03653db5a59c/go.mod h1:X07ZCGwUbLaax7L0S3Tw4hpejzu63ZrrQiUe6W0hcy0=
github.com/phlipse/go-adb v0.1.0 h1:UzG13kxxYs0Ql6493/+wGD7WqHLVbCWXB3uhLONn6II=
github.com/phlipse/go-adb v0.1.0/go.mod h1:i2gnJZSap4kHitPEz5h+QdF7l+29rrJLhaKZOWSMcQU=
github.com/phlipse/go-silo v0.1.0 h1:KUYNLayiNWeJWFDuSgHIhQE9yOYCTU8FO74MHu19oAY=
github.com/phlipse/go-silo v0.1.0/go.mod h1:9Im5n/RIVujk+M/1TTjIKmRGSxNHarSYLcMcrIRYsHE=
github.com/phlipse/systray v0.0.0-20191108104208-eee61b97c8cd h1:/nbxNXgmEH0Rb/9qsb3r0tAaTFIUIpADsYpfxp6R3v8=
github.com/phlipse/systray v0.0.0-20191108104208-eee61b97c8cd/go.mod h1:e++VNfw84sL/Haw18Bzzsd5rHBusU5PzJmJCqoV552o=
github.com/pmezard/go-difflib v1.0.0/go.mod h1:iKH77koFhYxTK1pcRnkKkqfTogsbg7gZNVY4sRDYZ/4=
github.com/skelterjohn/go.wde v0.0.0-20180104102407-a0324cbf3ffe/go.mod h1:zXxNsJHeUYIqpg890APBNEn9GoCbA4Cdnvuv3mx4fBk=
github.com/sqweek/dialog v0.0.0-20190728103509-6254ed5b0d3c h1:nQyaARR8WzWW4/AoxpyPA82gJcvuZUxLxnMqVbmW50A=
github.com/sqweek/dialog v0.0.0-20190728103509-6254ed5b0d3c/go.mod h1:QSrNdZLZB8VoFPGlZ2vDuA2oNaVdhld3g0PZLc7soX8=
github.com/stretchr/objx v0.1.0/go.mod h1:HFkY916IF+rwdDfMAkV7OtwuqBVzrE8GR6GFx+wExME=
github.com/stretchr/testify v1.3.0/go.mod h1:M5WIy9Dh21IEIfnGCwXGc5bZfKNJtfHm1UVUgZn+9EI=
golang.org/x/sys v0.0.0-20191118090420-b5d5184f72d2 h1:LEXoa2mfx+ZHKVuyzu3/fnknuCCoTfywJVHMkWECH3Y=
golang.org/x/sys v0.0.0-20191118090420-b5d5184f72d2/go.mod h1:h1NjWce9XRLGQEsW7wpKNCjG9DtNlClVuFLEZdDNbEs=
gopkg.in/check.v1 v0.0.0-20161208181325-20d25e280405/go.mod h1:Co6ibVJAznAaIkqp8huTwlJQCZ016jof/cbN4VW5Yz0=
gopkg.in/yaml.v2 v2.2.5 h1:ymVxjfMaHvXD8RqPRmzHHsB3VvucivSkIAvJFDI5O3c=
gopkg.in/yaml.v2 v2.2.5/go.mod h1:hI93XBmqTisBFMUTm0b8Fm+jr3Dg1NNxqwp+5A1VGuI=
